// !$*UTF8*$!
{
	archiveVersion = 1;
	classes = {
	};
	objectVersion = 63;
	objects = {

/* Begin PBXBuildFile section */
		731CFBAD2D761DEF001C94EA /* EfMobileTDLUITests.swift in Sources */ = {isa = PBXBuildFile; fileRef = 731CFBAA2D761DEF001C94EA /* EfMobileTDLUITests.swift */; };
		731CFBAE2D761DEF001C94EA /* EfMobileTDLUITestsLaunchTests.swift in Sources */ = {isa = PBXBuildFile; fileRef = 731CFBAB2D761DEF001C94EA /* EfMobileTDLUITestsLaunchTests.swift */; };
		731CFBB12D761DF3001C94EA /* EfMobileTDLTests.swift in Sources */ = {isa = PBXBuildFile; fileRef = 731CFBAF2D761DF3001C94EA /* EfMobileTDLTests.swift */; };
		7320859B2D7626110086525E /* AppDelegate.swift in Sources */ = {isa = PBXBuildFile; fileRef = 732085982D7626110086525E /* AppDelegate.swift */; };
		7320859C2D7626110086525E /* SceneDelegate.swift in Sources */ = {isa = PBXBuildFile; fileRef = 732085992D7626110086525E /* SceneDelegate.swift */; };
		732085A62D76262F0086525E /* Assets.xcassets in Resources */ = {isa = PBXBuildFile; fileRef = 7320859F2D76262F0086525E /* Assets.xcassets */; };
		732085A82D76262F0086525E /* LaunchScreen.storyboard in Resources */ = {isa = PBXBuildFile; fileRef = 732085A22D76262F0086525E /* LaunchScreen.storyboard */; };
		732085B22D76264A0086525E /* EfMobileTDL.xcdatamodeld in Sources */ = {isa = PBXBuildFile; fileRef = 732085AF2D76264A0086525E /* EfMobileTDL.xcdatamodeld */; };
		732085B82D762D980086525E /* AppConstants.swift in Sources */ = {isa = PBXBuildFile; fileRef = 732085B72D762D980086525E /* AppConstants.swift */; };
		732085DA2D762E8D0086525E /* UIColor+Ext.swift in Sources */ = {isa = PBXBuildFile; fileRef = 732085D82D762E8D0086525E /* UIColor+Ext.swift */; };
		732085DC2D76311A0086525E /* UIView+Ext.swift in Sources */ = {isa = PBXBuildFile; fileRef = 732085DB2D76311A0086525E /* UIView+Ext.swift */; };
		732085E02D7640570086525E /* AppButton.swift in Sources */ = {isa = PBXBuildFile; fileRef = 732085DF2D7640570086525E /* AppButton.swift */; };
		732085E82D764BFB0086525E /* UITableView+Ext.swift in Sources */ = {isa = PBXBuildFile; fileRef = 732085E72D764BFB0086525E /* UITableView+Ext.swift */; };
		732085EC2D764D240086525E /* AppStackView.swift in Sources */ = {isa = PBXBuildFile; fileRef = 732085EB2D764D240086525E /* AppStackView.swift */; };
		73FC330A2D76EA6D0098ABB9 /* AppLabel.swift in Sources */ = {isa = PBXBuildFile; fileRef = 73FC33092D76EA6D0098ABB9 /* AppLabel.swift */; };
		73FC33122D770B160098ABB9 /* TDLItem.swift in Sources */ = {isa = PBXBuildFile; fileRef = 73FC33102D770B160098ABB9 /* TDLItem.swift */; };
		73FC33242D770B220098ABB9 /* CheckmarkView.swift in Sources */ = {isa = PBXBuildFile; fileRef = 73FC331D2D770B220098ABB9 /* CheckmarkView.swift */; };
		73FC33252D770B220098ABB9 /* FooterView.swift in Sources */ = {isa = PBXBuildFile; fileRef = 73FC331E2D770B220098ABB9 /* FooterView.swift */; };
		73FC33262D770B220098ABB9 /* TasksTableView.swift in Sources */ = {isa = PBXBuildFile; fileRef = 73FC331F2D770B220098ABB9 /* TasksTableView.swift */; };
		73FC33272D770B220098ABB9 /* TaskTableViewCell.swift in Sources */ = {isa = PBXBuildFile; fileRef = 73FC33202D770B220098ABB9 /* TaskTableViewCell.swift */; };
		73FC33282D770B220098ABB9 /* MainVC.swift in Sources */ = {isa = PBXBuildFile; fileRef = 73FC33222D770B220098ABB9 /* MainVC.swift */; };
		73FC33302D770F790098ABB9 /* EditItemViewController.swift in Sources */ = {isa = PBXBuildFile; fileRef = 73FC332E2D770F790098ABB9 /* EditItemViewController.swift */; };
		73FC33322D771F110098ABB9 /* AppTextField.swift in Sources */ = {isa = PBXBuildFile; fileRef = 73FC33312D771F110098ABB9 /* AppTextField.swift */; };
		73FC333A2D772F6F0098ABB9 /* AddItemViewController.swift in Sources */ = {isa = PBXBuildFile; fileRef = 73FC33382D772F6F0098ABB9 /* AddItemViewController.swift */; };
		73FC333E2D773CB90098ABB9 /* AddTaskSubtitleView.swift in Sources */ = {isa = PBXBuildFile; fileRef = 73FC333D2D773CB90098ABB9 /* AddTaskSubtitleView.swift */; };
		73FC33402D778B350098ABB9 /* AppSearchController.swift in Sources */ = {isa = PBXBuildFile; fileRef = 73FC333F2D778B350098ABB9 /* AppSearchController.swift */; };
		73FC33562D78575A0098ABB9 /* NetworkLayerHelper.swift in Sources */ = {isa = PBXBuildFile; fileRef = 73FC33532D78575A0098ABB9 /* NetworkLayerHelper.swift */; };
		73FC335B2D7857890098ABB9 /* NetworkLayerClient.swift in Sources */ = {isa = PBXBuildFile; fileRef = 73FC335A2D7857890098ABB9 /* NetworkLayerClient.swift */; };
		73FC335D2D78580F0098ABB9 /* NetworkService.swift in Sources */ = {isa = PBXBuildFile; fileRef = 73FC335C2D78580F0098ABB9 /* NetworkService.swift */; };
		73FC335F2D7863BA0098ABB9 /* JsonResponce.swift in Sources */ = {isa = PBXBuildFile; fileRef = 73FC335E2D7863BA0098ABB9 /* JsonResponce.swift */; };
		73FC33652D78729C0098ABB9 /* AppStartManager.swift in Sources */ = {isa = PBXBuildFile; fileRef = 73FC33632D78729C0098ABB9 /* AppStartManager.swift */; };
		73FC33692D7872ED0098ABB9 /* Interactor.swift in Sources */ = {isa = PBXBuildFile; fileRef = 73FC33682D7872ED0098ABB9 /* Interactor.swift */; };
		73FC336D2D7874B90098ABB9 /* DependencyContainer.swift in Sources */ = {isa = PBXBuildFile; fileRef = 73FC336C2D7874B90098ABB9 /* DependencyContainer.swift */; };
		73FC336F2D787CB70098ABB9 /* AppActivityIndicator.swift in Sources */ = {isa = PBXBuildFile; fileRef = 73FC336E2D787CB70098ABB9 /* AppActivityIndicator.swift */; };
		73FC33732D797FE50098ABB9 /* AppRouter.swift in Sources */ = {isa = PBXBuildFile; fileRef = 73FC33722D797FE50098ABB9 /* AppRouter.swift */; };
		73FC33752D798C560098ABB9 /* CoreDataManager.swift in Sources */ = {isa = PBXBuildFile; fileRef = 73FC33742D798C560098ABB9 /* CoreDataManager.swift */; };
		73FC33A32D79C6A50098ABB9 /* EditTaskInteractor.swift in Sources */ = {isa = PBXBuildFile; fileRef = 73FC33A22D79C6A50098ABB9 /* EditTaskInteractor.swift */; };
		73FC33A52D7A1C9E0098ABB9 /* EditPresenter.swift in Sources */ = {isa = PBXBuildFile; fileRef = 73FC33A42D7A1C9E0098ABB9 /* EditPresenter.swift */; };
		73FC33A72D7A292C0098ABB9 /* AppAlert.swift in Sources */ = {isa = PBXBuildFile; fileRef = 73FC33A62D7A292C0098ABB9 /* AppAlert.swift */; };
		73FC33AF2D7A3D160098ABB9 /* EditModuleBuilder.swift in Sources */ = {isa = PBXBuildFile; fileRef = 73FC33AD2D7A3D160098ABB9 /* EditModuleBuilder.swift */; };
		73FC33B72D7A3F1E0098ABB9 /* ModuleFactory.swift in Sources */ = {isa = PBXBuildFile; fileRef = 73FC33B52D7A3F1E0098ABB9 /* ModuleFactory.swift */; };
		73FC33BB2D7A43D60098ABB9 /* MainRouter.swift in Sources */ = {isa = PBXBuildFile; fileRef = 73FC33BA2D7A43D60098ABB9 /* MainRouter.swift */; };
		73FC33C52D7ACE950098ABB9 /* AddItemInteractor.swift in Sources */ = {isa = PBXBuildFile; fileRef = 73FC33C42D7ACE950098ABB9 /* AddItemInteractor.swift */; };
		73FC33C72D7ACEC80098ABB9 /* AddItemPresenter.swift in Sources */ = {isa = PBXBuildFile; fileRef = 73FC33C62D7ACEC80098ABB9 /* AddItemPresenter.swift */; };
		73FC33C92D7AD6750098ABB9 /* AddItemBuilder.swift in Sources */ = {isa = PBXBuildFile; fileRef = 73FC33C82D7AD6750098ABB9 /* AddItemBuilder.swift */; };
		73FC33CD2D7AD9F00098ABB9 /* AddItemRouter.swift in Sources */ = {isa = PBXBuildFile; fileRef = 73FC33CC2D7AD9F00098ABB9 /* AddItemRouter.swift */; };
		73FC33D32D7ADFBA0098ABB9 /* RouterFactory.swift in Sources */ = {isa = PBXBuildFile; fileRef = 73FC33D12D7ADFBA0098ABB9 /* RouterFactory.swift */; };
/* End PBXBuildFile section */

/* Begin PBXContainerItemProxy section */
		7371B0CD2D760D78004E6C73 /* PBXContainerItemProxy */ = {
			isa = PBXContainerItemProxy;
			containerPortal = 7371B0AB2D760D77004E6C73 /* Project object */;
			proxyType = 1;
			remoteGlobalIDString = 7371B0B22D760D77004E6C73;
			remoteInfo = EfMobileTDL;
		};
		7371B0D72D760D78004E6C73 /* PBXContainerItemProxy */ = {
			isa = PBXContainerItemProxy;
			containerPortal = 7371B0AB2D760D77004E6C73 /* Project object */;
			proxyType = 1;
			remoteGlobalIDString = 7371B0B22D760D77004E6C73;
			remoteInfo = EfMobileTDL;
		};
/* End PBXContainerItemProxy section */

/* Begin PBXFileReference section */
		731CFBAA2D761DEF001C94EA /* EfMobileTDLUITests.swift */ = {isa = PBXFileReference; lastKnownFileType = sourcecode.swift; path = EfMobileTDLUITests.swift; sourceTree = "<group>"; };
		731CFBAB2D761DEF001C94EA /* EfMobileTDLUITestsLaunchTests.swift */ = {isa = PBXFileReference; lastKnownFileType = sourcecode.swift; path = EfMobileTDLUITestsLaunchTests.swift; sourceTree = "<group>"; };
		731CFBAF2D761DF3001C94EA /* EfMobileTDLTests.swift */ = {isa = PBXFileReference; lastKnownFileType = sourcecode.swift; path = EfMobileTDLTests.swift; sourceTree = "<group>"; };
		732085982D7626110086525E /* AppDelegate.swift */ = {isa = PBXFileReference; lastKnownFileType = sourcecode.swift; path = AppDelegate.swift; sourceTree = "<group>"; };
		732085992D7626110086525E /* SceneDelegate.swift */ = {isa = PBXFileReference; lastKnownFileType = sourcecode.swift; path = SceneDelegate.swift; sourceTree = "<group>"; };
		7320859F2D76262F0086525E /* Assets.xcassets */ = {isa = PBXFileReference; lastKnownFileType = folder.assetcatalog; path = Assets.xcassets; sourceTree = "<group>"; };
		732085A02D76262F0086525E /* Info.plist */ = {isa = PBXFileReference; lastKnownFileType = text.plist.xml; path = Info.plist; sourceTree = "<group>"; };
		732085A12D76262F0086525E /* Base */ = {isa = PBXFileReference; lastKnownFileType = file.storyboard; name = Base; path = Base.lproj/LaunchScreen.storyboard; sourceTree = "<group>"; };
		732085B12D76264A0086525E /* EfMobileTDL.xcdatamodel */ = {isa = PBXFileReference; lastKnownFileType = wrapper.xcdatamodel; path = EfMobileTDL.xcdatamodel; sourceTree = "<group>"; };
		732085B72D762D980086525E /* AppConstants.swift */ = {isa = PBXFileReference; lastKnownFileType = sourcecode.swift; path = AppConstants.swift; sourceTree = "<group>"; };
		732085D82D762E8D0086525E /* UIColor+Ext.swift */ = {isa = PBXFileReference; lastKnownFileType = sourcecode.swift; path = "UIColor+Ext.swift"; sourceTree = "<group>"; };
		732085DB2D76311A0086525E /* UIView+Ext.swift */ = {isa = PBXFileReference; lastKnownFileType = sourcecode.swift; path = "UIView+Ext.swift"; sourceTree = "<group>"; };
		732085DF2D7640570086525E /* AppButton.swift */ = {isa = PBXFileReference; lastKnownFileType = sourcecode.swift; path = AppButton.swift; sourceTree = "<group>"; };
		732085E72D764BFB0086525E /* UITableView+Ext.swift */ = {isa = PBXFileReference; lastKnownFileType = sourcecode.swift; path = "UITableView+Ext.swift"; sourceTree = "<group>"; };
		732085EB2D764D240086525E /* AppStackView.swift */ = {isa = PBXFileReference; lastKnownFileType = sourcecode.swift; path = AppStackView.swift; sourceTree = "<group>"; };
		7371B0B32D760D77004E6C73 /* EfMobileTDL.app */ = {isa = PBXFileReference; explicitFileType = wrapper.application; includeInIndex = 0; path = EfMobileTDL.app; sourceTree = BUILT_PRODUCTS_DIR; };
		7371B0CC2D760D78004E6C73 /* EfMobileTDLTests.xctest */ = {isa = PBXFileReference; explicitFileType = wrapper.cfbundle; includeInIndex = 0; path = EfMobileTDLTests.xctest; sourceTree = BUILT_PRODUCTS_DIR; };
		7371B0D62D760D78004E6C73 /* EfMobileTDLUITests.xctest */ = {isa = PBXFileReference; explicitFileType = wrapper.cfbundle; includeInIndex = 0; path = EfMobileTDLUITests.xctest; sourceTree = BUILT_PRODUCTS_DIR; };
		73FC33092D76EA6D0098ABB9 /* AppLabel.swift */ = {isa = PBXFileReference; lastKnownFileType = sourcecode.swift; path = AppLabel.swift; sourceTree = "<group>"; };
		73FC33102D770B160098ABB9 /* TDLItem.swift */ = {isa = PBXFileReference; lastKnownFileType = sourcecode.swift; path = TDLItem.swift; sourceTree = "<group>"; };
		73FC331D2D770B220098ABB9 /* CheckmarkView.swift */ = {isa = PBXFileReference; lastKnownFileType = sourcecode.swift; path = CheckmarkView.swift; sourceTree = "<group>"; };
		73FC331E2D770B220098ABB9 /* FooterView.swift */ = {isa = PBXFileReference; lastKnownFileType = sourcecode.swift; path = FooterView.swift; sourceTree = "<group>"; };
		73FC331F2D770B220098ABB9 /* TasksTableView.swift */ = {isa = PBXFileReference; lastKnownFileType = sourcecode.swift; path = TasksTableView.swift; sourceTree = "<group>"; };
		73FC33202D770B220098ABB9 /* TaskTableViewCell.swift */ = {isa = PBXFileReference; lastKnownFileType = sourcecode.swift; path = TaskTableViewCell.swift; sourceTree = "<group>"; };
		73FC33222D770B220098ABB9 /* MainVC.swift */ = {isa = PBXFileReference; lastKnownFileType = sourcecode.swift; path = MainVC.swift; sourceTree = "<group>"; };
		73FC332E2D770F790098ABB9 /* EditItemViewController.swift */ = {isa = PBXFileReference; lastKnownFileType = sourcecode.swift; path = EditItemViewController.swift; sourceTree = "<group>"; };
		73FC33312D771F110098ABB9 /* AppTextField.swift */ = {isa = PBXFileReference; lastKnownFileType = sourcecode.swift; path = AppTextField.swift; sourceTree = "<group>"; };
		73FC33382D772F6F0098ABB9 /* AddItemViewController.swift */ = {isa = PBXFileReference; lastKnownFileType = sourcecode.swift; path = AddItemViewController.swift; sourceTree = "<group>"; };
		73FC333D2D773CB90098ABB9 /* AddTaskSubtitleView.swift */ = {isa = PBXFileReference; lastKnownFileType = sourcecode.swift; path = AddTaskSubtitleView.swift; sourceTree = "<group>"; };
		73FC333F2D778B350098ABB9 /* AppSearchController.swift */ = {isa = PBXFileReference; lastKnownFileType = sourcecode.swift; path = AppSearchController.swift; sourceTree = "<group>"; };
		73FC33532D78575A0098ABB9 /* NetworkLayerHelper.swift */ = {isa = PBXFileReference; lastKnownFileType = sourcecode.swift; path = NetworkLayerHelper.swift; sourceTree = "<group>"; };
		73FC335A2D7857890098ABB9 /* NetworkLayerClient.swift */ = {isa = PBXFileReference; lastKnownFileType = sourcecode.swift; path = NetworkLayerClient.swift; sourceTree = "<group>"; };
		73FC335C2D78580F0098ABB9 /* NetworkService.swift */ = {isa = PBXFileReference; lastKnownFileType = sourcecode.swift; path = NetworkService.swift; sourceTree = "<group>"; };
		73FC335E2D7863BA0098ABB9 /* JsonResponce.swift */ = {isa = PBXFileReference; lastKnownFileType = sourcecode.swift; path = JsonResponce.swift; sourceTree = "<group>"; };
		73FC33632D78729C0098ABB9 /* AppStartManager.swift */ = {isa = PBXFileReference; lastKnownFileType = sourcecode.swift; path = AppStartManager.swift; sourceTree = "<group>"; };
		73FC33682D7872ED0098ABB9 /* Interactor.swift */ = {isa = PBXFileReference; lastKnownFileType = sourcecode.swift; path = Interactor.swift; sourceTree = "<group>"; };
		73FC336C2D7874B90098ABB9 /* DependencyContainer.swift */ = {isa = PBXFileReference; lastKnownFileType = sourcecode.swift; path = DependencyContainer.swift; sourceTree = "<group>"; };
		73FC336E2D787CB70098ABB9 /* AppActivityIndicator.swift */ = {isa = PBXFileReference; lastKnownFileType = sourcecode.swift; path = AppActivityIndicator.swift; sourceTree = "<group>"; };
		73FC33722D797FE50098ABB9 /* AppRouter.swift */ = {isa = PBXFileReference; lastKnownFileType = sourcecode.swift; path = AppRouter.swift; sourceTree = "<group>"; };
		73FC33742D798C560098ABB9 /* CoreDataManager.swift */ = {isa = PBXFileReference; lastKnownFileType = sourcecode.swift; path = CoreDataManager.swift; sourceTree = "<group>"; };
		73FC33A22D79C6A50098ABB9 /* EditTaskInteractor.swift */ = {isa = PBXFileReference; lastKnownFileType = sourcecode.swift; path = EditTaskInteractor.swift; sourceTree = "<group>"; };
		73FC33A42D7A1C9E0098ABB9 /* EditPresenter.swift */ = {isa = PBXFileReference; lastKnownFileType = sourcecode.swift; path = EditPresenter.swift; sourceTree = "<group>"; };
		73FC33A62D7A292C0098ABB9 /* AppAlert.swift */ = {isa = PBXFileReference; lastKnownFileType = sourcecode.swift; path = AppAlert.swift; sourceTree = "<group>"; };
		73FC33AD2D7A3D160098ABB9 /* EditModuleBuilder.swift */ = {isa = PBXFileReference; lastKnownFileType = sourcecode.swift; path = EditModuleBuilder.swift; sourceTree = "<group>"; };
		73FC33B52D7A3F1E0098ABB9 /* ModuleFactory.swift */ = {isa = PBXFileReference; lastKnownFileType = sourcecode.swift; path = ModuleFactory.swift; sourceTree = "<group>"; };
		73FC33BA2D7A43D60098ABB9 /* MainRouter.swift */ = {isa = PBXFileReference; lastKnownFileType = sourcecode.swift; path = MainRouter.swift; sourceTree = "<group>"; };
		73FC33C42D7ACE950098ABB9 /* AddItemInteractor.swift */ = {isa = PBXFileReference; lastKnownFileType = sourcecode.swift; path = AddItemInteractor.swift; sourceTree = "<group>"; };
		73FC33C62D7ACEC80098ABB9 /* AddItemPresenter.swift */ = {isa = PBXFileReference; lastKnownFileType = sourcecode.swift; path = AddItemPresenter.swift; sourceTree = "<group>"; };
		73FC33C82D7AD6750098ABB9 /* AddItemBuilder.swift */ = {isa = PBXFileReference; lastKnownFileType = sourcecode.swift; path = AddItemBuilder.swift; sourceTree = "<group>"; };
		73FC33CC2D7AD9F00098ABB9 /* AddItemRouter.swift */ = {isa = PBXFileReference; lastKnownFileType = sourcecode.swift; path = AddItemRouter.swift; sourceTree = "<group>"; };
		73FC33D12D7ADFBA0098ABB9 /* RouterFactory.swift */ = {isa = PBXFileReference; lastKnownFileType = sourcecode.swift; path = RouterFactory.swift; sourceTree = "<group>"; };
/* End PBXFileReference section */

/* Begin PBXFrameworksBuildPhase section */
		7371B0B02D760D77004E6C73 /* Frameworks */ = {
			isa = PBXFrameworksBuildPhase;
			buildActionMask = 2147483647;
			files = (
			);
			runOnlyForDeploymentPostprocessing = 0;
		};
		7371B0C92D760D78004E6C73 /* Frameworks */ = {
			isa = PBXFrameworksBuildPhase;
			buildActionMask = 2147483647;
			files = (
			);
			runOnlyForDeploymentPostprocessing = 0;
		};
		7371B0D32D760D78004E6C73 /* Frameworks */ = {
			isa = PBXFrameworksBuildPhase;
			buildActionMask = 2147483647;
			files = (
			);
			runOnlyForDeploymentPostprocessing = 0;
		};
/* End PBXFrameworksBuildPhase section */

/* Begin PBXGroup section */
		731CFBAC2D761DEF001C94EA /* EfMobileTDLUITests */ = {
			isa = PBXGroup;
			children = (
				731CFBAA2D761DEF001C94EA /* EfMobileTDLUITests.swift */,
				731CFBAB2D761DEF001C94EA /* EfMobileTDLUITestsLaunchTests.swift */,
			);
			path = EfMobileTDLUITests;
			sourceTree = "<group>";
		};
		731CFBB02D761DF3001C94EA /* EfMobileTDLTests */ = {
			isa = PBXGroup;
			children = (
				731CFBAF2D761DF3001C94EA /* EfMobileTDLTests.swift */,
			);
			path = EfMobileTDLTests;
			sourceTree = "<group>";
		};
		731CFBBC2D761DF6001C94EA /* EfMobileTDL */ = {
			isa = PBXGroup;
			children = (
				7320859A2D7626110086525E /* App */,
				73FC336B2D7874AE0098ABB9 /* DI */,
				732085AC2D76263C0086525E /* Modules */,
				73FC33422D7856710098ABB9 /* Services */,
				732085DE2D76404A0086525E /* DesignSystem */,
				732085D92D762E8D0086525E /* Extensions */,
				732085A52D76262F0086525E /* Resources */,
			);
			path = EfMobileTDL;
			sourceTree = "<group>";
		};
		7320859A2D7626110086525E /* App */ = {
			isa = PBXGroup;
			children = (
				732085982D7626110086525E /* AppDelegate.swift */,
				732085992D7626110086525E /* SceneDelegate.swift */,
			);
			path = App;
			sourceTree = "<group>";
		};
		732085A52D76262F0086525E /* Resources */ = {
			isa = PBXGroup;
			children = (
				732085B72D762D980086525E /* AppConstants.swift */,
				7320859F2D76262F0086525E /* Assets.xcassets */,
				732085A02D76262F0086525E /* Info.plist */,
				732085A22D76262F0086525E /* LaunchScreen.storyboard */,
			);
			path = Resources;
			sourceTree = "<group>";
		};
		732085AC2D76263C0086525E /* Modules */ = {
			isa = PBXGroup;
			children = (
				732085B52D762BBB0086525E /* Main */,
				73FC33342D772F290098ABB9 /* AddTask */,
				73FC332A2D770F610098ABB9 /* EditItem */,
			);
			path = Modules;
			sourceTree = "<group>";
		};
		732085B02D76264A0086525E /* CoreData */ = {
			isa = PBXGroup;
			children = (
				73FC33742D798C560098ABB9 /* CoreDataManager.swift */,
				732085AF2D76264A0086525E /* EfMobileTDL.xcdatamodeld */,
			);
			path = CoreData;
			sourceTree = "<group>";
		};
		732085B52D762BBB0086525E /* Main */ = {
			isa = PBXGroup;
			children = (
				73FC33112D770B160098ABB9 /* Model */,
				73FC33232D770B220098ABB9 /* View */,
				73FC33B92D7A432C0098ABB9 /* Router */,
			);
			path = Main;
			sourceTree = "<group>";
		};
		732085D92D762E8D0086525E /* Extensions */ = {
			isa = PBXGroup;
			children = (
				732085D82D762E8D0086525E /* UIColor+Ext.swift */,
				732085DB2D76311A0086525E /* UIView+Ext.swift */,
				732085E72D764BFB0086525E /* UITableView+Ext.swift */,
			);
			path = Extensions;
			sourceTree = "<group>";
		};
		732085DE2D76404A0086525E /* DesignSystem */ = {
			isa = PBXGroup;
			children = (
				732085DF2D7640570086525E /* AppButton.swift */,
				732085EB2D764D240086525E /* AppStackView.swift */,
				73FC33092D76EA6D0098ABB9 /* AppLabel.swift */,
				73FC33312D771F110098ABB9 /* AppTextField.swift */,
				73FC336E2D787CB70098ABB9 /* AppActivityIndicator.swift */,
				73FC33A62D7A292C0098ABB9 /* AppAlert.swift */,
			);
			path = DesignSystem;
			sourceTree = "<group>";
		};
		7371B0AA2D760D77004E6C73 = {
			isa = PBXGroup;
			children = (
				731CFBBC2D761DF6001C94EA /* EfMobileTDL */,
				731CFBB02D761DF3001C94EA /* EfMobileTDLTests */,
				731CFBAC2D761DEF001C94EA /* EfMobileTDLUITests */,
				7371B0B42D760D77004E6C73 /* Products */,
			);
			sourceTree = "<group>";
		};
		7371B0B42D760D77004E6C73 /* Products */ = {
			isa = PBXGroup;
			children = (
				7371B0B32D760D77004E6C73 /* EfMobileTDL.app */,
				7371B0CC2D760D78004E6C73 /* EfMobileTDLTests.xctest */,
				7371B0D62D760D78004E6C73 /* EfMobileTDLUITests.xctest */,
			);
			name = Products;
			sourceTree = "<group>";
		};
		73FC33112D770B160098ABB9 /* Model */ = {
			isa = PBXGroup;
			children = (
				73FC33102D770B160098ABB9 /* TDLItem.swift */,
			);
			path = Model;
			sourceTree = "<group>";
		};
		73FC33212D770B220098ABB9 /* Components */ = {
			isa = PBXGroup;
			children = (
				73FC331D2D770B220098ABB9 /* CheckmarkView.swift */,
				73FC331E2D770B220098ABB9 /* FooterView.swift */,
				73FC331F2D770B220098ABB9 /* TasksTableView.swift */,
				73FC33202D770B220098ABB9 /* TaskTableViewCell.swift */,
			);
			path = Components;
			sourceTree = "<group>";
		};
		73FC33232D770B220098ABB9 /* View */ = {
			isa = PBXGroup;
			children = (
				73FC33222D770B220098ABB9 /* MainVC.swift */,
				73FC33212D770B220098ABB9 /* Components */,
			);
			path = View;
			sourceTree = "<group>";
		};
		73FC332A2D770F610098ABB9 /* EditItem */ = {
			isa = PBXGroup;
			children = (
				73FC332F2D770F790098ABB9 /* View */,
				73FC33A02D79C6710098ABB9 /* Interactor */,
				73FC33A12D79C6730098ABB9 /* Presenter */,
				73FC33AE2D7A3D160098ABB9 /* Builder */,
			);
			path = EditItem;
			sourceTree = "<group>";
		};
		73FC332F2D770F790098ABB9 /* View */ = {
			isa = PBXGroup;
			children = (
				73FC332E2D770F790098ABB9 /* EditItemViewController.swift */,
			);
			path = View;
			sourceTree = "<group>";
		};
		73FC33342D772F290098ABB9 /* AddTask */ = {
			isa = PBXGroup;
			children = (
				73FC33392D772F6F0098ABB9 /* View */,
				73FC33C12D7ACE460098ABB9 /* Interactor */,
				73FC33C22D7ACE460098ABB9 /* Presenter */,
				73FC33CB2D7AD9E30098ABB9 /* Router */,
				73FC33C32D7ACE460098ABB9 /* Builder */,
			);
			path = AddTask;
			sourceTree = "<group>";
		};
		73FC33392D772F6F0098ABB9 /* View */ = {
			isa = PBXGroup;
			children = (
				73FC33382D772F6F0098ABB9 /* AddItemViewController.swift */,
				73FC333C2D773CA50098ABB9 /* Components */,
			);
			path = View;
			sourceTree = "<group>";
		};
		73FC333C2D773CA50098ABB9 /* Components */ = {
			isa = PBXGroup;
			children = (
				73FC333D2D773CB90098ABB9 /* AddTaskSubtitleView.swift */,
				73FC333F2D778B350098ABB9 /* AppSearchController.swift */,
			);
			path = Components;
			sourceTree = "<group>";
		};
		73FC33422D7856710098ABB9 /* Services */ = {
			isa = PBXGroup;
			children = (
				73FC33D22D7ADFBA0098ABB9 /* RouterFactory */,
				73FC33B62D7A3F1E0098ABB9 /* ModuleFactory */,
				73FC33642D78729C0098ABB9 /* AppStartManager */,
				732085B02D76264A0086525E /* CoreData */,
				73FC33712D797F8C0098ABB9 /* Router */,
				73FC33672D7872D80098ABB9 /* Interactor */,
				73FC33552D78575A0098ABB9 /* NetworkLayer */,
			);
			path = Services;
			sourceTree = "<group>";
		};
		73FC33542D78575A0098ABB9 /* Helper */ = {
			isa = PBXGroup;
			children = (
				73FC33532D78575A0098ABB9 /* NetworkLayerHelper.swift */,
				73FC335E2D7863BA0098ABB9 /* JsonResponce.swift */,
			);
			path = Helper;
			sourceTree = "<group>";
		};
		73FC33552D78575A0098ABB9 /* NetworkLayer */ = {
			isa = PBXGroup;
			children = (
				73FC33582D78576D0098ABB9 /* Client */,
				73FC33542D78575A0098ABB9 /* Helper */,
				73FC335C2D78580F0098ABB9 /* NetworkService.swift */,
			);
			path = NetworkLayer;
			sourceTree = "<group>";
		};
		73FC33582D78576D0098ABB9 /* Client */ = {
			isa = PBXGroup;
			children = (
				73FC335A2D7857890098ABB9 /* NetworkLayerClient.swift */,
			);
			path = Client;
			sourceTree = "<group>";
		};
		73FC33642D78729C0098ABB9 /* AppStartManager */ = {
			isa = PBXGroup;
			children = (
				73FC33632D78729C0098ABB9 /* AppStartManager.swift */,
			);
			path = AppStartManager;
			sourceTree = "<group>";
		};
		73FC33672D7872D80098ABB9 /* Interactor */ = {
			isa = PBXGroup;
			children = (
				73FC33682D7872ED0098ABB9 /* Interactor.swift */,
			);
			path = Interactor;
			sourceTree = "<group>";
		};
		73FC336B2D7874AE0098ABB9 /* DI */ = {
			isa = PBXGroup;
			children = (
				73FC336C2D7874B90098ABB9 /* DependencyContainer.swift */,
			);
			path = DI;
			sourceTree = "<group>";
		};
		73FC33712D797F8C0098ABB9 /* Router */ = {
			isa = PBXGroup;
			children = (
				73FC33722D797FE50098ABB9 /* AppRouter.swift */,
			);
			path = Router;
			sourceTree = "<group>";
		};
		73FC33A02D79C6710098ABB9 /* Interactor */ = {
			isa = PBXGroup;
			children = (
				73FC33A22D79C6A50098ABB9 /* EditTaskInteractor.swift */,
			);
			path = Interactor;
			sourceTree = "<group>";
		};
		73FC33A12D79C6730098ABB9 /* Presenter */ = {
			isa = PBXGroup;
			children = (
				73FC33A42D7A1C9E0098ABB9 /* EditPresenter.swift */,
			);
			path = Presenter;
			sourceTree = "<group>";
		};
		73FC33AE2D7A3D160098ABB9 /* Builder */ = {
			isa = PBXGroup;
			children = (
				73FC33AD2D7A3D160098ABB9 /* EditModuleBuilder.swift */,
			);
			path = Builder;
			sourceTree = "<group>";
		};
		73FC33B62D7A3F1E0098ABB9 /* ModuleFactory */ = {
			isa = PBXGroup;
			children = (
				73FC33B52D7A3F1E0098ABB9 /* ModuleFactory.swift */,
			);
			path = ModuleFactory;
			sourceTree = "<group>";
		};
		73FC33B92D7A432C0098ABB9 /* Router */ = {
			isa = PBXGroup;
			children = (
				73FC33BA2D7A43D60098ABB9 /* MainRouter.swift */,
			);
			path = Router;
			sourceTree = "<group>";
		};
		73FC33C12D7ACE460098ABB9 /* Interactor */ = {
			isa = PBXGroup;
			children = (
				73FC33C42D7ACE950098ABB9 /* AddItemInteractor.swift */,
			);
			path = Interactor;
			sourceTree = "<group>";
		};
		73FC33C22D7ACE460098ABB9 /* Presenter */ = {
			isa = PBXGroup;
			children = (
				73FC33C62D7ACEC80098ABB9 /* AddItemPresenter.swift */,
			);
			path = Presenter;
			sourceTree = "<group>";
		};
		73FC33C32D7ACE460098ABB9 /* Builder */ = {
			isa = PBXGroup;
			children = (
				73FC33C82D7AD6750098ABB9 /* AddItemBuilder.swift */,
			);
			path = Builder;
			sourceTree = "<group>";
		};
		73FC33CB2D7AD9E30098ABB9 /* Router */ = {
			isa = PBXGroup;
			children = (
				73FC33CC2D7AD9F00098ABB9 /* AddItemRouter.swift */,
			);
			path = Router;
			sourceTree = "<group>";
		};
		73FC33D22D7ADFBA0098ABB9 /* RouterFactory */ = {
			isa = PBXGroup;
			children = (
				73FC33D12D7ADFBA0098ABB9 /* RouterFactory.swift */,
			);
			path = RouterFactory;
			sourceTree = "<group>";
		};
/* End PBXGroup section */

/* Begin PBXNativeTarget section */
		7371B0B22D760D77004E6C73 /* EfMobileTDL */ = {
			isa = PBXNativeTarget;
			buildConfigurationList = 7371B0DF2D760D78004E6C73 /* Build configuration list for PBXNativeTarget "EfMobileTDL" */;
			buildPhases = (
				7371B0AF2D760D77004E6C73 /* Sources */,
				7371B0B02D760D77004E6C73 /* Frameworks */,
				7371B0B12D760D77004E6C73 /* Resources */,
			);
			buildRules = (
			);
			dependencies = (
			);
			name = EfMobileTDL;
			packageProductDependencies = (
			);
			productName = EfMobileTDL;
			productReference = 7371B0B32D760D77004E6C73 /* EfMobileTDL.app */;
			productType = "com.apple.product-type.application";
		};
		7371B0CB2D760D78004E6C73 /* EfMobileTDLTests */ = {
			isa = PBXNativeTarget;
			buildConfigurationList = 7371B0E42D760D78004E6C73 /* Build configuration list for PBXNativeTarget "EfMobileTDLTests" */;
			buildPhases = (
				7371B0C82D760D78004E6C73 /* Sources */,
				7371B0C92D760D78004E6C73 /* Frameworks */,
				7371B0CA2D760D78004E6C73 /* Resources */,
			);
			buildRules = (
			);
			dependencies = (
				7371B0CE2D760D78004E6C73 /* PBXTargetDependency */,
			);
			name = EfMobileTDLTests;
			packageProductDependencies = (
			);
			productName = EfMobileTDLTests;
			productReference = 7371B0CC2D760D78004E6C73 /* EfMobileTDLTests.xctest */;
			productType = "com.apple.product-type.bundle.unit-test";
		};
		7371B0D52D760D78004E6C73 /* EfMobileTDLUITests */ = {
			isa = PBXNativeTarget;
			buildConfigurationList = 7371B0E72D760D78004E6C73 /* Build configuration list for PBXNativeTarget "EfMobileTDLUITests" */;
			buildPhases = (
				7371B0D22D760D78004E6C73 /* Sources */,
				7371B0D32D760D78004E6C73 /* Frameworks */,
				7371B0D42D760D78004E6C73 /* Resources */,
			);
			buildRules = (
			);
			dependencies = (
				7371B0D82D760D78004E6C73 /* PBXTargetDependency */,
			);
			name = EfMobileTDLUITests;
			packageProductDependencies = (
			);
			productName = EfMobileTDLUITests;
			productReference = 7371B0D62D760D78004E6C73 /* EfMobileTDLUITests.xctest */;
			productType = "com.apple.product-type.bundle.ui-testing";
		};
/* End PBXNativeTarget section */

/* Begin PBXProject section */
		7371B0AB2D760D77004E6C73 /* Project object */ = {
			isa = PBXProject;
			attributes = {
				BuildIndependentTargetsInParallel = 1;
				LastSwiftUpdateCheck = 1620;
				LastUpgradeCheck = 1620;
				TargetAttributes = {
					7371B0B22D760D77004E6C73 = {
						CreatedOnToolsVersion = 16.2;
					};
					7371B0CB2D760D78004E6C73 = {
						CreatedOnToolsVersion = 16.2;
						TestTargetID = 7371B0B22D760D77004E6C73;
					};
					7371B0D52D760D78004E6C73 = {
						CreatedOnToolsVersion = 16.2;
						TestTargetID = 7371B0B22D760D77004E6C73;
					};
				};
			};
			buildConfigurationList = 7371B0AE2D760D77004E6C73 /* Build configuration list for PBXProject "EfMobileTDL" */;
			compatibilityVersion = "Xcode 15.3";
			developmentRegion = en;
			hasScannedForEncodings = 0;
			knownRegions = (
				en,
				Base,
			);
			mainGroup = 7371B0AA2D760D77004E6C73;
			minimizedProjectReferenceProxies = 1;
			productRefGroup = 7371B0B42D760D77004E6C73 /* Products */;
			projectDirPath = "";
			projectRoot = "";
			targets = (
				7371B0B22D760D77004E6C73 /* EfMobileTDL */,
				7371B0CB2D760D78004E6C73 /* EfMobileTDLTests */,
				7371B0D52D760D78004E6C73 /* EfMobileTDLUITests */,
			);
		};
/* End PBXProject section */

/* Begin PBXResourcesBuildPhase section */
		7371B0B12D760D77004E6C73 /* Resources */ = {
			isa = PBXResourcesBuildPhase;
			buildActionMask = 2147483647;
			files = (
				732085A62D76262F0086525E /* Assets.xcassets in Resources */,
				732085A82D76262F0086525E /* LaunchScreen.storyboard in Resources */,
			);
			runOnlyForDeploymentPostprocessing = 0;
		};
		7371B0CA2D760D78004E6C73 /* Resources */ = {
			isa = PBXResourcesBuildPhase;
			buildActionMask = 2147483647;
			files = (
			);
			runOnlyForDeploymentPostprocessing = 0;
		};
		7371B0D42D760D78004E6C73 /* Resources */ = {
			isa = PBXResourcesBuildPhase;
			buildActionMask = 2147483647;
			files = (
			);
			runOnlyForDeploymentPostprocessing = 0;
		};
/* End PBXResourcesBuildPhase section */

/* Begin PBXSourcesBuildPhase section */
		7371B0AF2D760D77004E6C73 /* Sources */ = {
			isa = PBXSourcesBuildPhase;
			buildActionMask = 2147483647;
			files = (
				73FC33562D78575A0098ABB9 /* NetworkLayerHelper.swift in Sources */,
				732085E82D764BFB0086525E /* UITableView+Ext.swift in Sources */,
				73FC335F2D7863BA0098ABB9 /* JsonResponce.swift in Sources */,
				7320859B2D7626110086525E /* AppDelegate.swift in Sources */,
				73FC335B2D7857890098ABB9 /* NetworkLayerClient.swift in Sources */,
				7320859C2D7626110086525E /* SceneDelegate.swift in Sources */,
				73FC333A2D772F6F0098ABB9 /* AddItemViewController.swift in Sources */,
				73FC33A32D79C6A50098ABB9 /* EditTaskInteractor.swift in Sources */,
				73FC33302D770F790098ABB9 /* EditItemViewController.swift in Sources */,
				73FC33652D78729C0098ABB9 /* AppStartManager.swift in Sources */,
				732085EC2D764D240086525E /* AppStackView.swift in Sources */,
				73FC336F2D787CB70098ABB9 /* AppActivityIndicator.swift in Sources */,
				73FC33752D798C560098ABB9 /* CoreDataManager.swift in Sources */,
				73FC33AF2D7A3D160098ABB9 /* EditModuleBuilder.swift in Sources */,
				73FC33242D770B220098ABB9 /* CheckmarkView.swift in Sources */,
				73FC33C52D7ACE950098ABB9 /* AddItemInteractor.swift in Sources */,
				73FC33C72D7ACEC80098ABB9 /* AddItemPresenter.swift in Sources */,
				73FC33252D770B220098ABB9 /* FooterView.swift in Sources */,
				73FC335D2D78580F0098ABB9 /* NetworkService.swift in Sources */,
				73FC33262D770B220098ABB9 /* TasksTableView.swift in Sources */,
				73FC33A52D7A1C9E0098ABB9 /* EditPresenter.swift in Sources */,
				73FC33CD2D7AD9F00098ABB9 /* AddItemRouter.swift in Sources */,
				73FC33272D770B220098ABB9 /* TaskTableViewCell.swift in Sources */,
				73FC33282D770B220098ABB9 /* MainVC.swift in Sources */,
				732085DA2D762E8D0086525E /* UIColor+Ext.swift in Sources */,
				73FC33322D771F110098ABB9 /* AppTextField.swift in Sources */,
				73FC33A72D7A292C0098ABB9 /* AppAlert.swift in Sources */,
				732085DC2D76311A0086525E /* UIView+Ext.swift in Sources */,
				73FC33122D770B160098ABB9 /* TDLItem.swift in Sources */,
				73FC336D2D7874B90098ABB9 /* DependencyContainer.swift in Sources */,
				73FC33732D797FE50098ABB9 /* AppRouter.swift in Sources */,
				73FC33BB2D7A43D60098ABB9 /* MainRouter.swift in Sources */,
				73FC33B72D7A3F1E0098ABB9 /* ModuleFactory.swift in Sources */,
				73FC333E2D773CB90098ABB9 /* AddTaskSubtitleView.swift in Sources */,
				73FC330A2D76EA6D0098ABB9 /* AppLabel.swift in Sources */,
				732085B22D76264A0086525E /* EfMobileTDL.xcdatamodeld in Sources */,
				732085B82D762D980086525E /* AppConstants.swift in Sources */,
				73FC33692D7872ED0098ABB9 /* Interactor.swift in Sources */,
				73FC33402D778B350098ABB9 /* AppSearchController.swift in Sources */,
				73FC33C92D7AD6750098ABB9 /* AddItemBuilder.swift in Sources */,
				732085E02D7640570086525E /* AppButton.swift in Sources */,
				73FC33D32D7ADFBA0098ABB9 /* RouterFactory.swift in Sources */,
			);
			runOnlyForDeploymentPostprocessing = 0;
		};
		7371B0C82D760D78004E6C73 /* Sources */ = {
			isa = PBXSourcesBuildPhase;
			buildActionMask = 2147483647;
			files = (
				731CFBB12D761DF3001C94EA /* EfMobileTDLTests.swift in Sources */,
			);
			runOnlyForDeploymentPostprocessing = 0;
		};
		7371B0D22D760D78004E6C73 /* Sources */ = {
			isa = PBXSourcesBuildPhase;
			buildActionMask = 2147483647;
			files = (
				731CFBAD2D761DEF001C94EA /* EfMobileTDLUITests.swift in Sources */,
				731CFBAE2D761DEF001C94EA /* EfMobileTDLUITestsLaunchTests.swift in Sources */,
			);
			runOnlyForDeploymentPostprocessing = 0;
		};
/* End PBXSourcesBuildPhase section */

/* Begin PBXTargetDependency section */
		7371B0CE2D760D78004E6C73 /* PBXTargetDependency */ = {
			isa = PBXTargetDependency;
			target = 7371B0B22D760D77004E6C73 /* EfMobileTDL */;
			targetProxy = 7371B0CD2D760D78004E6C73 /* PBXContainerItemProxy */;
		};
		7371B0D82D760D78004E6C73 /* PBXTargetDependency */ = {
			isa = PBXTargetDependency;
			target = 7371B0B22D760D77004E6C73 /* EfMobileTDL */;
			targetProxy = 7371B0D72D760D78004E6C73 /* PBXContainerItemProxy */;
		};
/* End PBXTargetDependency section */

/* Begin PBXVariantGroup section */
		732085A22D76262F0086525E /* LaunchScreen.storyboard */ = {
			isa = PBXVariantGroup;
			children = (
				732085A12D76262F0086525E /* Base */,
			);
			name = LaunchScreen.storyboard;
			sourceTree = "<group>";
		};
/* End PBXVariantGroup section */

/* Begin XCBuildConfiguration section */
		7371B0E02D760D78004E6C73 /* Debug */ = {
			isa = XCBuildConfiguration;
			buildSettings = {
				ASSETCATALOG_COMPILER_APPICON_NAME = AppIcon;
				ASSETCATALOG_COMPILER_GLOBAL_ACCENT_COLOR_NAME = AccentColor;
				CODE_SIGN_STYLE = Automatic;
				CURRENT_PROJECT_VERSION = 1;
				DEVELOPMENT_TEAM = 7W278NP9KT;
				GENERATE_INFOPLIST_FILE = YES;
				INFOPLIST_FILE = EfMobileTDL/Resources/Info.plist;
				INFOPLIST_KEY_UIApplicationSupportsIndirectInputEvents = YES;
				INFOPLIST_KEY_UILaunchStoryboardName = LaunchScreen;
				INFOPLIST_KEY_UISupportedInterfaceOrientations = UIInterfaceOrientationPortrait;
				INFOPLIST_KEY_UISupportedInterfaceOrientations_iPad = "UIInterfaceOrientationLandscapeLeft UIInterfaceOrientationLandscapeRight UIInterfaceOrientationPortrait UIInterfaceOrientationPortraitUpsideDown";
				IPHONEOS_DEPLOYMENT_TARGET = 16.6;
				LD_RUNPATH_SEARCH_PATHS = (
					"$(inherited)",
					"@executable_path/Frameworks",
				);
				MARKETING_VERSION = 1.0;
				PRODUCT_BUNDLE_IDENTIFIER = k.Sklyarov.IndDev.EfMobileTDL;
				PRODUCT_NAME = "$(TARGET_NAME)";
				SUPPORTED_PLATFORMS = "iphoneos iphonesimulator";
				SUPPORTS_MACCATALYST = NO;
				SUPPORTS_MAC_DESIGNED_FOR_IPHONE_IPAD = NO;
				SUPPORTS_XR_DESIGNED_FOR_IPHONE_IPAD = NO;
				SWIFT_EMIT_LOC_STRINGS = YES;
				SWIFT_VERSION = 5.0;
				TARGETED_DEVICE_FAMILY = 1;
			};
			name = Debug;
		};
		7371B0E12D760D78004E6C73 /* Release */ = {
			isa = XCBuildConfiguration;
			buildSettings = {
				ASSETCATALOG_COMPILER_APPICON_NAME = AppIcon;
				ASSETCATALOG_COMPILER_GLOBAL_ACCENT_COLOR_NAME = AccentColor;
				CODE_SIGN_STYLE = Automatic;
				CURRENT_PROJECT_VERSION = 1;
				DEVELOPMENT_TEAM = 7W278NP9KT;
				GENERATE_INFOPLIST_FILE = YES;
				INFOPLIST_FILE = EfMobileTDL/Resources/Info.plist;
				INFOPLIST_KEY_UIApplicationSupportsIndirectInputEvents = YES;
				INFOPLIST_KEY_UILaunchStoryboardName = LaunchScreen;
				INFOPLIST_KEY_UISupportedInterfaceOrientations = UIInterfaceOrientationPortrait;
				INFOPLIST_KEY_UISupportedInterfaceOrientations_iPad = "UIInterfaceOrientationLandscapeLeft UIInterfaceOrientationLandscapeRight UIInterfaceOrientationPortrait UIInterfaceOrientationPortraitUpsideDown";
				IPHONEOS_DEPLOYMENT_TARGET = 16.6;
				LD_RUNPATH_SEARCH_PATHS = (
					"$(inherited)",
					"@executable_path/Frameworks",
				);
				MARKETING_VERSION = 1.0;
				PRODUCT_BUNDLE_IDENTIFIER = k.Sklyarov.IndDev.EfMobileTDL;
				PRODUCT_NAME = "$(TARGET_NAME)";
				SUPPORTED_PLATFORMS = "iphoneos iphonesimulator";
				SUPPORTS_MACCATALYST = NO;
				SUPPORTS_MAC_DESIGNED_FOR_IPHONE_IPAD = NO;
				SUPPORTS_XR_DESIGNED_FOR_IPHONE_IPAD = NO;
				SWIFT_EMIT_LOC_STRINGS = YES;
				SWIFT_VERSION = 5.0;
				TARGETED_DEVICE_FAMILY = 1;
			};
			name = Release;
		};
		7371B0E22D760D78004E6C73 /* Debug */ = {
			isa = XCBuildConfiguration;
			buildSettings = {
				ALWAYS_SEARCH_USER_PATHS = NO;
				ASSETCATALOG_COMPILER_GENERATE_SWIFT_ASSET_SYMBOL_EXTENSIONS = YES;
				CLANG_ANALYZER_NONNULL = YES;
				CLANG_ANALYZER_NUMBER_OBJECT_CONVERSION = YES_AGGRESSIVE;
				CLANG_CXX_LANGUAGE_STANDARD = "gnu++20";
				CLANG_ENABLE_MODULES = YES;
				CLANG_ENABLE_OBJC_ARC = YES;
				CLANG_ENABLE_OBJC_WEAK = YES;
				CLANG_WARN_BLOCK_CAPTURE_AUTORELEASING = YES;
				CLANG_WARN_BOOL_CONVERSION = YES;
				CLANG_WARN_COMMA = YES;
				CLANG_WARN_CONSTANT_CONVERSION = YES;
				CLANG_WARN_DEPRECATED_OBJC_IMPLEMENTATIONS = YES;
				CLANG_WARN_DIRECT_OBJC_ISA_USAGE = YES_ERROR;
				CLANG_WARN_DOCUMENTATION_COMMENTS = YES;
				CLANG_WARN_EMPTY_BODY = YES;
				CLANG_WARN_ENUM_CONVERSION = YES;
				CLANG_WARN_INFINITE_RECURSION = YES;
				CLANG_WARN_INT_CONVERSION = YES;
				CLANG_WARN_NON_LITERAL_NULL_CONVERSION = YES;
				CLANG_WARN_OBJC_IMPLICIT_RETAIN_SELF = YES;
				CLANG_WARN_OBJC_LITERAL_CONVERSION = YES;
				CLANG_WARN_OBJC_ROOT_CLASS = YES_ERROR;
				CLANG_WARN_QUOTED_INCLUDE_IN_FRAMEWORK_HEADER = YES;
				CLANG_WARN_RANGE_LOOP_ANALYSIS = YES;
				CLANG_WARN_STRICT_PROTOTYPES = YES;
				CLANG_WARN_SUSPICIOUS_MOVE = YES;
				CLANG_WARN_UNGUARDED_AVAILABILITY = YES_AGGRESSIVE;
				CLANG_WARN_UNREACHABLE_CODE = YES;
				CLANG_WARN__DUPLICATE_METHOD_MATCH = YES;
				COPY_PHASE_STRIP = NO;
				DEBUG_INFORMATION_FORMAT = dwarf;
				ENABLE_STRICT_OBJC_MSGSEND = YES;
				ENABLE_TESTABILITY = YES;
				ENABLE_USER_SCRIPT_SANDBOXING = YES;
				GCC_C_LANGUAGE_STANDARD = gnu17;
				GCC_DYNAMIC_NO_PIC = NO;
				GCC_NO_COMMON_BLOCKS = YES;
				GCC_OPTIMIZATION_LEVEL = 0;
				GCC_PREPROCESSOR_DEFINITIONS = (
					"DEBUG=1",
					"$(inherited)",
				);
				GCC_WARN_64_TO_32_BIT_CONVERSION = YES;
				GCC_WARN_ABOUT_RETURN_TYPE = YES_ERROR;
				GCC_WARN_UNDECLARED_SELECTOR = YES;
				GCC_WARN_UNINITIALIZED_AUTOS = YES_AGGRESSIVE;
				GCC_WARN_UNUSED_FUNCTION = YES;
				GCC_WARN_UNUSED_VARIABLE = YES;
				IPHONEOS_DEPLOYMENT_TARGET = 16.6;
				LOCALIZATION_PREFERS_STRING_CATALOGS = YES;
				MTL_ENABLE_DEBUG_INFO = INCLUDE_SOURCE;
				MTL_FAST_MATH = YES;
				ONLY_ACTIVE_ARCH = YES;
				SDKROOT = iphoneos;
				SWIFT_ACTIVE_COMPILATION_CONDITIONS = "DEBUG $(inherited)";
				SWIFT_OPTIMIZATION_LEVEL = "-Onone";
			};
			name = Debug;
		};
		7371B0E32D760D78004E6C73 /* Release */ = {
			isa = XCBuildConfiguration;
			buildSettings = {
				ALWAYS_SEARCH_USER_PATHS = NO;
				ASSETCATALOG_COMPILER_GENERATE_SWIFT_ASSET_SYMBOL_EXTENSIONS = YES;
				CLANG_ANALYZER_NONNULL = YES;
				CLANG_ANALYZER_NUMBER_OBJECT_CONVERSION = YES_AGGRESSIVE;
				CLANG_CXX_LANGUAGE_STANDARD = "gnu++20";
				CLANG_ENABLE_MODULES = YES;
				CLANG_ENABLE_OBJC_ARC = YES;
				CLANG_ENABLE_OBJC_WEAK = YES;
				CLANG_WARN_BLOCK_CAPTURE_AUTORELEASING = YES;
				CLANG_WARN_BOOL_CONVERSION = YES;
				CLANG_WARN_COMMA = YES;
				CLANG_WARN_CONSTANT_CONVERSION = YES;
				CLANG_WARN_DEPRECATED_OBJC_IMPLEMENTATIONS = YES;
				CLANG_WARN_DIRECT_OBJC_ISA_USAGE = YES_ERROR;
				CLANG_WARN_DOCUMENTATION_COMMENTS = YES;
				CLANG_WARN_EMPTY_BODY = YES;
				CLANG_WARN_ENUM_CONVERSION = YES;
				CLANG_WARN_INFINITE_RECURSION = YES;
				CLANG_WARN_INT_CONVERSION = YES;
				CLANG_WARN_NON_LITERAL_NULL_CONVERSION = YES;
				CLANG_WARN_OBJC_IMPLICIT_RETAIN_SELF = YES;
				CLANG_WARN_OBJC_LITERAL_CONVERSION = YES;
				CLANG_WARN_OBJC_ROOT_CLASS = YES_ERROR;
				CLANG_WARN_QUOTED_INCLUDE_IN_FRAMEWORK_HEADER = YES;
				CLANG_WARN_RANGE_LOOP_ANALYSIS = YES;
				CLANG_WARN_STRICT_PROTOTYPES = YES;
				CLANG_WARN_SUSPICIOUS_MOVE = YES;
				CLANG_WARN_UNGUARDED_AVAILABILITY = YES_AGGRESSIVE;
				CLANG_WARN_UNREACHABLE_CODE = YES;
				CLANG_WARN__DUPLICATE_METHOD_MATCH = YES;
				COPY_PHASE_STRIP = NO;
				DEBUG_INFORMATION_FORMAT = "dwarf-with-dsym";
				ENABLE_NS_ASSERTIONS = NO;
				ENABLE_STRICT_OBJC_MSGSEND = YES;
				ENABLE_USER_SCRIPT_SANDBOXING = YES;
				GCC_C_LANGUAGE_STANDARD = gnu17;
				GCC_NO_COMMON_BLOCKS = YES;
				GCC_WARN_64_TO_32_BIT_CONVERSION = YES;
				GCC_WARN_ABOUT_RETURN_TYPE = YES_ERROR;
				GCC_WARN_UNDECLARED_SELECTOR = YES;
				GCC_WARN_UNINITIALIZED_AUTOS = YES_AGGRESSIVE;
				GCC_WARN_UNUSED_FUNCTION = YES;
				GCC_WARN_UNUSED_VARIABLE = YES;
				IPHONEOS_DEPLOYMENT_TARGET = 16.6;
				LOCALIZATION_PREFERS_STRING_CATALOGS = YES;
				MTL_ENABLE_DEBUG_INFO = NO;
				MTL_FAST_MATH = YES;
				SDKROOT = iphoneos;
				SWIFT_COMPILATION_MODE = wholemodule;
				VALIDATE_PRODUCT = YES;
			};
			name = Release;
		};
		7371B0E52D760D78004E6C73 /* Debug */ = {
			isa = XCBuildConfiguration;
			buildSettings = {
				BUNDLE_LOADER = "$(TEST_HOST)";
				CODE_SIGN_STYLE = Automatic;
				CURRENT_PROJECT_VERSION = 1;
				DEVELOPMENT_TEAM = 7W278NP9KT;
				GENERATE_INFOPLIST_FILE = YES;
				IPHONEOS_DEPLOYMENT_TARGET = 18.2;
				MARKETING_VERSION = 1.0;
				PRODUCT_BUNDLE_IDENTIFIER = k.Sklyarov.IndDev.EfMobileTDLTests;
				PRODUCT_NAME = "$(TARGET_NAME)";
				SWIFT_EMIT_LOC_STRINGS = NO;
				SWIFT_VERSION = 5.0;
				TARGETED_DEVICE_FAMILY = "1,2";
				TEST_HOST = "$(BUILT_PRODUCTS_DIR)/EfMobileTDL.app/$(BUNDLE_EXECUTABLE_FOLDER_PATH)/EfMobileTDL";
			};
			name = Debug;
		};
		7371B0E62D760D78004E6C73 /* Release */ = {
			isa = XCBuildConfiguration;
			buildSettings = {
				BUNDLE_LOADER = "$(TEST_HOST)";
				CODE_SIGN_STYLE = Automatic;
				CURRENT_PROJECT_VERSION = 1;
				DEVELOPMENT_TEAM = 7W278NP9KT;
				GENERATE_INFOPLIST_FILE = YES;
				IPHONEOS_DEPLOYMENT_TARGET = 18.2;
				MARKETING_VERSION = 1.0;
				PRODUCT_BUNDLE_IDENTIFIER = k.Sklyarov.IndDev.EfMobileTDLTests;
				PRODUCT_NAME = "$(TARGET_NAME)";
				SWIFT_EMIT_LOC_STRINGS = NO;
				SWIFT_VERSION = 5.0;
				TARGETED_DEVICE_FAMILY = "1,2";
				TEST_HOST = "$(BUILT_PRODUCTS_DIR)/EfMobileTDL.app/$(BUNDLE_EXECUTABLE_FOLDER_PATH)/EfMobileTDL";
			};
			name = Release;
		};
		7371B0E82D760D78004E6C73 /* Debug */ = {
			isa = XCBuildConfiguration;
			buildSettings = {
				CODE_SIGN_STYLE = Automatic;
				CURRENT_PROJECT_VERSION = 1;
				DEVELOPMENT_TEAM = 7W278NP9KT;
				GENERATE_INFOPLIST_FILE = YES;
				MARKETING_VERSION = 1.0;
				PRODUCT_BUNDLE_IDENTIFIER = k.Sklyarov.IndDev.EfMobileTDLUITests;
				PRODUCT_NAME = "$(TARGET_NAME)";
				SWIFT_EMIT_LOC_STRINGS = NO;
				SWIFT_VERSION = 5.0;
				TARGETED_DEVICE_FAMILY = "1,2";
				TEST_TARGET_NAME = EfMobileTDL;
			};
			name = Debug;
		};
		7371B0E92D760D78004E6C73 /* Release */ = {
			isa = XCBuildConfiguration;
			buildSettings = {
				CODE_SIGN_STYLE = Automatic;
				CURRENT_PROJECT_VERSION = 1;
				DEVELOPMENT_TEAM = 7W278NP9KT;
				GENERATE_INFOPLIST_FILE = YES;
				MARKETING_VERSION = 1.0;
				PRODUCT_BUNDLE_IDENTIFIER = k.Sklyarov.IndDev.EfMobileTDLUITests;
				PRODUCT_NAME = "$(TARGET_NAME)";
				SWIFT_EMIT_LOC_STRINGS = NO;
				SWIFT_VERSION = 5.0;
				TARGETED_DEVICE_FAMILY = "1,2";
				TEST_TARGET_NAME = EfMobileTDL;
			};
			name = Release;
		};
/* End XCBuildConfiguration section */

/* Begin XCConfigurationList section */
		7371B0AE2D760D77004E6C73 /* Build configuration list for PBXProject "EfMobileTDL" */ = {
			isa = XCConfigurationList;
			buildConfigurations = (
				7371B0E22D760D78004E6C73 /* Debug */,
				7371B0E32D760D78004E6C73 /* Release */,
			);
			defaultConfigurationIsVisible = 0;
			defaultConfigurationName = Release;
		};
		7371B0DF2D760D78004E6C73 /* Build configuration list for PBXNativeTarget "EfMobileTDL" */ = {
			isa = XCConfigurationList;
			buildConfigurations = (
				7371B0E02D760D78004E6C73 /* Debug */,
				7371B0E12D760D78004E6C73 /* Release */,
			);
			defaultConfigurationIsVisible = 0;
			defaultConfigurationName = Release;
		};
		7371B0E42D760D78004E6C73 /* Build configuration list for PBXNativeTarget "EfMobileTDLTests" */ = {
			isa = XCConfigurationList;
			buildConfigurations = (
				7371B0E52D760D78004E6C73 /* Debug */,
				7371B0E62D760D78004E6C73 /* Release */,
			);
			defaultConfigurationIsVisible = 0;
			defaultConfigurationName = Release;
		};
		7371B0E72D760D78004E6C73 /* Build configuration list for PBXNativeTarget "EfMobileTDLUITests" */ = {
			isa = XCConfigurationList;
			buildConfigurations = (
				7371B0E82D760D78004E6C73 /* Debug */,
				7371B0E92D760D78004E6C73 /* Release */,
			);
			defaultConfigurationIsVisible = 0;
			defaultConfigurationName = Release;
		};
/* End XCConfigurationList section */

/* Begin XCVersionGroup section */
		732085AF2D76264A0086525E /* EfMobileTDL.xcdatamodeld */ = {
			isa = XCVersionGroup;
			children = (
				732085B12D76264A0086525E /* EfMobileTDL.xcdatamodel */,
			);
			currentVersion = 732085B12D76264A0086525E /* EfMobileTDL.xcdatamodel */;
			path = EfMobileTDL.xcdatamodeld;
			sourceTree = "<group>";
			versionGroupType = wrapper.xcdatamodel;
		};
/* End XCVersionGroup section */
	};
	rootObject = 7371B0AB2D760D77004E6C73 /* Project object */;
}
